
Microsoft Visual Studio Solution File, Format Version 12.00
# Visual Studio Version 17
VisualStudioVersion = 17.14.36327.8 d17.14
MinimumVisualStudioVersion = 10.0.40219.1
Project("{FAE04EC0-301F-11D3-BF4B-00C04F79EFBC}") = "Empleados-backend", "Empleados-backend.csproj", "{11B7D81B-EAFC-48ED-94EA-E4D10A290892}"
EndProject
Global
	GlobalSection(SolutionConfigurationPlatforms) = preSolution
		Debug|Any CPU = Debug|Any CPU
		Release|Any CPU = Release|Any CPU
	EndGlobalSection
	GlobalSection(ProjectConfigurationPlatforms) = postSolution
		{11B7D81B-EAFC-48ED-94EA-E4D10A290892}.Debug|Any CPU.ActiveCfg = Debug|Any CPU
		{11B7D81B-EAFC-48ED-94EA-E4D10A290892}.Debug|Any CPU.Build.0 = Debug|Any CPU
		{11B7D81B-EAFC-48ED-94EA-E4D10A290892}.Release|Any CPU.ActiveCfg = Release|Any CPU
		{11B7D81B-EAFC-48ED-94EA-E4D10A290892}.Release|Any CPU.Build.0 = Release|Any CPU
	EndGlobalSection
	GlobalSection(SolutionProperties) = preSolution
		HideSolutionNode = FALSE
	EndGlobalSection
	GlobalSection(ExtensibilityGlobals) = postSolution
		SolutionGuid = {33D15CCB-0C30-4994-92E8-0A9B0DABBC69}
	EndGlobalSection
EndGlobal
